
Microsoft Visual Studio Solution File, Format Version 12.00
# Visual Studio 15
Project("{FAE04EC0-301F-11D3-BF4B-00C04F79EFBC}") = "Assembly-CSharp", "Assembly-CSharp.csproj", "{16D5DA79-EB1F-FB24-195C-F2F9206AD37D}"
EndProject
Project("{FAE04EC0-301F-11D3-BF4B-00C04F79EFBC}") = "Assembly-CSharp-Editor", "Assembly-CSharp-Editor.csproj", "{9FBF6E4B-C5E5-676A-FEC6-FFC41B1DA094}"
EndProject
Global
	GlobalSection(SolutionConfigurationPlatforms) = preSolution
		Debug|Any CPU = Debug|Any CPU
		Release|Any CPU = Release|Any CPU
	EndGlobalSection
	GlobalSection(ProjectConfigurationPlatforms) = postSolution
		{16D5DA79-EB1F-FB24-195C-F2F9206AD37D}.Debug|Any CPU.ActiveCfg = Debug|Any CPU
		{16D5DA79-EB1F-FB24-195C-F2F9206AD37D}.Debug|Any CPU.Build.0 = Debug|Any CPU
		{16D5DA79-EB1F-FB24-195C-F2F9206AD37D}.Release|Any CPU.ActiveCfg = Release|Any CPU
		{16D5DA79-EB1F-FB24-195C-F2F9206AD37D}.Release|Any CPU.Build.0 = Release|Any CPU
		{9FBF6E4B-C5E5-676A-FEC6-FFC41B1DA094}.Debug|Any CPU.ActiveCfg = Debug|Any CPU
		{9FBF6E4B-C5E5-676A-FEC6-FFC41B1DA094}.Debug|Any CPU.Build.0 = Debug|Any CPU
		{9FBF6E4B-C5E5-676A-FEC6-FFC41B1DA094}.Release|Any CPU.ActiveCfg = Release|Any CPU
		{9FBF6E4B-C5E5-676A-FEC6-FFC41B1DA094}.Release|Any CPU.Build.0 = Release|Any CPU
	EndGlobalSection
	GlobalSection(SolutionProperties) = preSolution
		HideSolutionNode = FALSE
	EndGlobalSection
EndGlobal
