
Microsoft Visual Studio Solution File, Format Version 12.00
# Visual Studio 15
Project("{FAE04EC0-301F-11D3-BF4B-00C04F79EFBC}") = "Unity.XR.Interaction.Toolkit.Samples.StarterAssets", "Unity.XR.Interaction.Toolkit.Samples.StarterAssets.csproj", "{E67344C5-44B7-CCB0-A8BA-3B3A963F3FBD}"
EndProject
Project("{FAE04EC0-301F-11D3-BF4B-00C04F79EFBC}") = "Assembly-CSharp", "Assembly-CSharp.csproj", "{25AD3CD3-9BC1-5092-0517-FABE91CBD8C8}"
EndProject
Project("{FAE04EC0-301F-11D3-BF4B-00C04F79EFBC}") = "Unity.XR.Interaction.Toolkit.Samples.StarterAssets.Editor", "Unity.XR.Interaction.Toolkit.Samples.StarterAssets.Editor.csproj", "{B913F801-9D25-3BEB-CDD7-0A1DC60FB10F}"
EndProject
Global
	GlobalSection(SolutionConfigurationPlatforms) = preSolution
		Debug|Any CPU = Debug|Any CPU
		Release|Any CPU = Release|Any CPU
	EndGlobalSection
	GlobalSection(ProjectConfigurationPlatforms) = postSolution
		{E67344C5-44B7-CCB0-A8BA-3B3A963F3FBD}.Debug|Any CPU.ActiveCfg = Debug|Any CPU
		{E67344C5-44B7-CCB0-A8BA-3B3A963F3FBD}.Debug|Any CPU.Build.0 = Debug|Any CPU
		{E67344C5-44B7-CCB0-A8BA-3B3A963F3FBD}.Release|Any CPU.ActiveCfg = Release|Any CPU
		{E67344C5-44B7-CCB0-A8BA-3B3A963F3FBD}.Release|Any CPU.Build.0 = Release|Any CPU
		{25AD3CD3-9BC1-5092-0517-FABE91CBD8C8}.Debug|Any CPU.ActiveCfg = Debug|Any CPU
		{25AD3CD3-9BC1-5092-0517-FABE91CBD8C8}.Debug|Any CPU.Build.0 = Debug|Any CPU
		{25AD3CD3-9BC1-5092-0517-FABE91CBD8C8}.Release|Any CPU.ActiveCfg = Release|Any CPU
		{25AD3CD3-9BC1-5092-0517-FABE91CBD8C8}.Release|Any CPU.Build.0 = Release|Any CPU
		{B913F801-9D25-3BEB-CDD7-0A1DC60FB10F}.Debug|Any CPU.ActiveCfg = Debug|Any CPU
		{B913F801-9D25-3BEB-CDD7-0A1DC60FB10F}.Debug|Any CPU.Build.0 = Debug|Any CPU
		{B913F801-9D25-3BEB-CDD7-0A1DC60FB10F}.Release|Any CPU.ActiveCfg = Release|Any CPU
		{B913F801-9D25-3BEB-CDD7-0A1DC60FB10F}.Release|Any CPU.Build.0 = Release|Any CPU
	EndGlobalSection
	GlobalSection(SolutionProperties) = preSolution
		HideSolutionNode = FALSE
	EndGlobalSection
EndGlobal
